github.com/wwq1988/bus v0.0.0-20191022041124-f1a73521d425 h1:PNR+FcY1SBoNp+dKC4mPrfq2fhQIXx0Ck0qR/e57X/Y=
github.com/wwq1988/bus v0.0.0-20191022041124-f1a73521d425/go.mod h1:YdjcCnMDuwBKxz+7retjn6+7QpeY+/QV7sG7+ZyFPRU=
github.com/wwq1988/queue v0.0.0-20191022024909-88ce1542c113 h1:2foSRUYlmDNkqWOT5zrdeeri8kv4UbjyFBAsaVRqMOU=
github.com/wwq1988/queue v0.0.0-20191022024909-88ce1542c113/go.mod h1:/P7UjocQ0ESa+l28G1Uhbp8ICUnlfyaqzmg5TKOoV2Y=
